<?xml version="1.0" encoding="utf-8"?>
<Project ToolsVersion="4.0" xmlns="http://schemas.microsoft.com/developer/msbuild/2003">
  <ItemGroup>
    <ClInclude Include="targetver.h" />
  </ItemGroup>
  <ItemGroup>
    <ClCompile Include="PointTest.cpp" />
    <ClCompile Include="TripleTest.cpp" />
    <ClCompile Include="VectorTest.cpp" />
    <ClCompile Include="UnitVectorTest.cpp" />
    <ClCompile Include="QuaternionTest.cpp" />
    <ClCompile Include="CoordinateSpaceTest.cpp" />
    <ClCompile Include="UtilsTest.cpp" />
    <ClCompile Include="VectorMathTest.cpp" />
  </ItemGroup>
</Project>