
Microsoft Visual Studio Solution File, Format Version 12.00
# Visual Studio 15
VisualStudioVersion = 15.0.26403.7
MinimumVisualStudioVersion = 10.0.40219.1
Project("{8BC9CEB8-8B4A-11D0-8D11-00A0C91BC942}") = "Math", "Math\Math.vcxproj", "{F4F941A2-1058-4E28-B424-9BAEA08AB096}"
EndProject
Project("{8BC9CEB8-8B4A-11D0-8D11-00A0C91BC942}") = "MathTest", "Math\test\MathTest.vcxproj", "{A7F7C15D-D13F-43CA-81F8-75E102D4147B}"
	ProjectSection(ProjectDependencies) = postProject
		{F4F941A2-1058-4E28-B424-9BAEA08AB096} = {F4F941A2-1058-4E28-B424-9BAEA08AB096}
	EndProjectSection
EndProject
Project("{2150E333-8FDC-42A3-9474-1A3956D46DE8}") = "Unit Tests", "Unit Tests", "{88A54D74-37C9-4293-812C-9F90308340CC}"
EndProject
Project("{8BC9CEB8-8B4A-11D0-8D11-00A0C91BC942}") = "Utility", "Utility\Utility.vcxproj", "{A4B9E642-6D6F-449C-9C66-9E6A03D19460}"
	ProjectSection(ProjectDependencies) = postProject
		{F4F941A2-1058-4E28-B424-9BAEA08AB096} = {F4F941A2-1058-4E28-B424-9BAEA08AB096}
	EndProjectSection
EndProject
Project("{8BC9CEB8-8B4A-11D0-8D11-00A0C91BC942}") = "UtilityTest", "Utility\test\UtilityTest.vcxproj", "{AA17E9B9-C1D0-43DA-857D-DAF6DB8FEFC0}"
	ProjectSection(ProjectDependencies) = postProject
		{A4B9E642-6D6F-449C-9C66-9E6A03D19460} = {A4B9E642-6D6F-449C-9C66-9E6A03D19460}
	EndProjectSection
EndProject
Project("{8BC9CEB8-8B4A-11D0-8D11-00A0C91BC942}") = "Renderer", "Renderer\Renderer.vcxproj", "{FFCC054D-5156-49EB-9077-E172B5E2857B}"
	ProjectSection(ProjectDependencies) = postProject
		{A4B9E642-6D6F-449C-9C66-9E6A03D19460} = {A4B9E642-6D6F-449C-9C66-9E6A03D19460}
		{F4F941A2-1058-4E28-B424-9BAEA08AB096} = {F4F941A2-1058-4E28-B424-9BAEA08AB096}
	EndProjectSection
EndProject
Project("{8BC9CEB8-8B4A-11D0-8D11-00A0C91BC942}") = "ModelViewer", "test\ModelViewer\ModelViewer.vcxproj", "{96A365C7-C682-4F48-9272-B5DA2039E95F}"
	ProjectSection(ProjectDependencies) = postProject
		{A4B9E642-6D6F-449C-9C66-9E6A03D19460} = {A4B9E642-6D6F-449C-9C66-9E6A03D19460}
		{FFCC054D-5156-49EB-9077-E172B5E2857B} = {FFCC054D-5156-49EB-9077-E172B5E2857B}
		{F4F941A2-1058-4E28-B424-9BAEA08AB096} = {F4F941A2-1058-4E28-B424-9BAEA08AB096}
	EndProjectSection
EndProject
Project("{2150E333-8FDC-42A3-9474-1A3956D46DE8}") = "Integration Tests", "Integration Tests", "{F0B68A64-7E75-4492-8EA3-1CAEA50E55F8}"
EndProject
Project("{8BC9CEB8-8B4A-11D0-8D11-00A0C91BC942}") = "RendererTest", "Renderer\test\RendererTest\RendererTest.vcxproj", "{DAABD95B-A7CB-491C-AB33-816E0327A32C}"
	ProjectSection(ProjectDependencies) = postProject
		{FFCC054D-5156-49EB-9077-E172B5E2857B} = {FFCC054D-5156-49EB-9077-E172B5E2857B}
		{F4F941A2-1058-4E28-B424-9BAEA08AB096} = {F4F941A2-1058-4E28-B424-9BAEA08AB096}
	EndProjectSection
EndProject
Project("{8BC9CEB8-8B4A-11D0-8D11-00A0C91BC942}") = "Physics", "Physics\Physics.vcxproj", "{C756E8A4-320F-4039-8136-9496D9C00EBD}"
	ProjectSection(ProjectDependencies) = postProject
		{A4B9E642-6D6F-449C-9C66-9E6A03D19460} = {A4B9E642-6D6F-449C-9C66-9E6A03D19460}
		{F4F941A2-1058-4E28-B424-9BAEA08AB096} = {F4F941A2-1058-4E28-B424-9BAEA08AB096}
	EndProjectSection
EndProject
Project("{8BC9CEB8-8B4A-11D0-8D11-00A0C91BC942}") = "PhysicsTest", "Physics\test\PhysicsTest\PhysicsTest.vcxproj", "{1599A188-450B-4CE7-A36F-C7F72D65A97D}"
	ProjectSection(ProjectDependencies) = postProject
		{F4F941A2-1058-4E28-B424-9BAEA08AB096} = {F4F941A2-1058-4E28-B424-9BAEA08AB096}
		{C756E8A4-320F-4039-8136-9496D9C00EBD} = {C756E8A4-320F-4039-8136-9496D9C00EBD}
	EndProjectSection
EndProject
Project("{8BC9CEB8-8B4A-11D0-8D11-00A0C91BC942}") = "CollisionViewer", "test\CollisionViewer\CollisionViewer.vcxproj", "{6371F593-68EA-40D5-A2A1-C349EAFA20B8}"
	ProjectSection(ProjectDependencies) = postProject
		{A4B9E642-6D6F-449C-9C66-9E6A03D19460} = {A4B9E642-6D6F-449C-9C66-9E6A03D19460}
		{FFCC054D-5156-49EB-9077-E172B5E2857B} = {FFCC054D-5156-49EB-9077-E172B5E2857B}
		{F4F941A2-1058-4E28-B424-9BAEA08AB096} = {F4F941A2-1058-4E28-B424-9BAEA08AB096}
		{C756E8A4-320F-4039-8136-9496D9C00EBD} = {C756E8A4-320F-4039-8136-9496D9C00EBD}
	EndProjectSection
EndProject
Project("{8BC9CEB8-8B4A-11D0-8D11-00A0C91BC942}") = "PhysicsViewer", "test\PhysicsViewer\PhysicsViewer.vcxproj", "{00F519DA-DDAB-4226-A239-54E3128717B2}"
	ProjectSection(ProjectDependencies) = postProject
		{A4B9E642-6D6F-449C-9C66-9E6A03D19460} = {A4B9E642-6D6F-449C-9C66-9E6A03D19460}
		{FFCC054D-5156-49EB-9077-E172B5E2857B} = {FFCC054D-5156-49EB-9077-E172B5E2857B}
		{F4F941A2-1058-4E28-B424-9BAEA08AB096} = {F4F941A2-1058-4E28-B424-9BAEA08AB096}
		{C756E8A4-320F-4039-8136-9496D9C00EBD} = {C756E8A4-320F-4039-8136-9496D9C00EBD}
	EndProjectSection
EndProject
Project("{8BC9CEB8-8B4A-11D0-8D11-00A0C91BC942}") = "PhysicsJenga", "test\PhysicsJenga\PhysicsJenga.vcxproj", "{A2FE8C2B-F4AE-449D-BF37-27791247571D}"
	ProjectSection(ProjectDependencies) = postProject
		{A4B9E642-6D6F-449C-9C66-9E6A03D19460} = {A4B9E642-6D6F-449C-9C66-9E6A03D19460}
		{FFCC054D-5156-49EB-9077-E172B5E2857B} = {FFCC054D-5156-49EB-9077-E172B5E2857B}
		{F4F941A2-1058-4E28-B424-9BAEA08AB096} = {F4F941A2-1058-4E28-B424-9BAEA08AB096}
		{C756E8A4-320F-4039-8136-9496D9C00EBD} = {C756E8A4-320F-4039-8136-9496D9C00EBD}
	EndProjectSection
EndProject
Project("{8BC9CEB8-8B4A-11D0-8D11-00A0C91BC942}") = "OpenCLTester", "test\OpenCLTester\OpenCLTester.vcxproj", "{A5BC3645-6259-4754-A43E-A93455FE881A}"
	ProjectSection(ProjectDependencies) = postProject
		{A4B9E642-6D6F-449C-9C66-9E6A03D19460} = {A4B9E642-6D6F-449C-9C66-9E6A03D19460}
	EndProjectSection
EndProject
Project("{8BC9CEB8-8B4A-11D0-8D11-00A0C91BC942}") = "CollisionTimer", "test\CollisionTimer\CollisionTimer.vcxproj", "{4DB29D1B-ECB4-4D15-8FD9-333C3E56CAAA}"
	ProjectSection(ProjectDependencies) = postProject
		{A4B9E642-6D6F-449C-9C66-9E6A03D19460} = {A4B9E642-6D6F-449C-9C66-9E6A03D19460}
		{F4F941A2-1058-4E28-B424-9BAEA08AB096} = {F4F941A2-1058-4E28-B424-9BAEA08AB096}
		{C756E8A4-320F-4039-8136-9496D9C00EBD} = {C756E8A4-320F-4039-8136-9496D9C00EBD}
	EndProjectSection
EndProject
Project("{8BC9CEB8-8B4A-11D0-8D11-00A0C91BC942}") = "StackTimer", "test\StackTimer\StackTimer.vcxproj", "{8B961B49-7F59-48B5-822F-0A36F6389C4E}"
	ProjectSection(ProjectDependencies) = postProject
		{A4B9E642-6D6F-449C-9C66-9E6A03D19460} = {A4B9E642-6D6F-449C-9C66-9E6A03D19460}
		{F4F941A2-1058-4E28-B424-9BAEA08AB096} = {F4F941A2-1058-4E28-B424-9BAEA08AB096}
		{C756E8A4-320F-4039-8136-9496D9C00EBD} = {C756E8A4-320F-4039-8136-9496D9C00EBD}
	EndProjectSection
EndProject
Project("{2150E333-8FDC-42A3-9474-1A3956D46DE8}") = "Solution Items", "Solution Items", "{0AEC09F7-571C-4E73-B72E-CB08D91AE6A4}"
	ProjectSection(SolutionItems) = preProject
		.clang-format = .clang-format
		StackTimerProfiling.psess = StackTimerProfiling.psess
	EndProjectSection
EndProject
Global
	GlobalSection(Performance) = preSolution
		HasPerformanceSessions = true
	EndGlobalSection
	GlobalSection(SolutionConfigurationPlatforms) = preSolution
		Debug|x64 = Debug|x64
		Debug|x86 = Debug|x86
		Release|x64 = Release|x64
		Release|x86 = Release|x86
	EndGlobalSection
	GlobalSection(ProjectConfigurationPlatforms) = postSolution
		{F4F941A2-1058-4E28-B424-9BAEA08AB096}.Debug|x64.ActiveCfg = Debug|x64
		{F4F941A2-1058-4E28-B424-9BAEA08AB096}.Debug|x64.Build.0 = Debug|x64
		{F4F941A2-1058-4E28-B424-9BAEA08AB096}.Debug|x86.ActiveCfg = Debug|Win32
		{F4F941A2-1058-4E28-B424-9BAEA08AB096}.Debug|x86.Build.0 = Debug|Win32
		{F4F941A2-1058-4E28-B424-9BAEA08AB096}.Release|x64.ActiveCfg = Release|x64
		{F4F941A2-1058-4E28-B424-9BAEA08AB096}.Release|x64.Build.0 = Release|x64
		{F4F941A2-1058-4E28-B424-9BAEA08AB096}.Release|x86.ActiveCfg = Release|Win32
		{F4F941A2-1058-4E28-B424-9BAEA08AB096}.Release|x86.Build.0 = Release|Win32
		{A7F7C15D-D13F-43CA-81F8-75E102D4147B}.Debug|x64.ActiveCfg = Debug|x64
		{A7F7C15D-D13F-43CA-81F8-75E102D4147B}.Debug|x64.Build.0 = Debug|x64
		{A7F7C15D-D13F-43CA-81F8-75E102D4147B}.Debug|x86.ActiveCfg = Debug|Win32
		{A7F7C15D-D13F-43CA-81F8-75E102D4147B}.Debug|x86.Build.0 = Debug|Win32
		{A7F7C15D-D13F-43CA-81F8-75E102D4147B}.Release|x64.ActiveCfg = Release|x64
		{A7F7C15D-D13F-43CA-81F8-75E102D4147B}.Release|x64.Build.0 = Release|x64
		{A7F7C15D-D13F-43CA-81F8-75E102D4147B}.Release|x86.ActiveCfg = Release|Win32
		{A7F7C15D-D13F-43CA-81F8-75E102D4147B}.Release|x86.Build.0 = Release|Win32
		{A4B9E642-6D6F-449C-9C66-9E6A03D19460}.Debug|x64.ActiveCfg = Debug|Win32
		{A4B9E642-6D6F-449C-9C66-9E6A03D19460}.Debug|x86.ActiveCfg = Debug|Win32
		{A4B9E642-6D6F-449C-9C66-9E6A03D19460}.Debug|x86.Build.0 = Debug|Win32
		{A4B9E642-6D6F-449C-9C66-9E6A03D19460}.Release|x64.ActiveCfg = Release|Win32
		{A4B9E642-6D6F-449C-9C66-9E6A03D19460}.Release|x86.ActiveCfg = Release|Win32
		{A4B9E642-6D6F-449C-9C66-9E6A03D19460}.Release|x86.Build.0 = Release|Win32
		{AA17E9B9-C1D0-43DA-857D-DAF6DB8FEFC0}.Debug|x64.ActiveCfg = Debug|x64
		{AA17E9B9-C1D0-43DA-857D-DAF6DB8FEFC0}.Debug|x64.Build.0 = Debug|x64
		{AA17E9B9-C1D0-43DA-857D-DAF6DB8FEFC0}.Debug|x86.ActiveCfg = Debug|Win32
		{AA17E9B9-C1D0-43DA-857D-DAF6DB8FEFC0}.Debug|x86.Build.0 = Debug|Win32
		{AA17E9B9-C1D0-43DA-857D-DAF6DB8FEFC0}.Release|x64.ActiveCfg = Release|x64
		{AA17E9B9-C1D0-43DA-857D-DAF6DB8FEFC0}.Release|x64.Build.0 = Release|x64
		{AA17E9B9-C1D0-43DA-857D-DAF6DB8FEFC0}.Release|x86.ActiveCfg = Release|Win32
		{AA17E9B9-C1D0-43DA-857D-DAF6DB8FEFC0}.Release|x86.Build.0 = Release|Win32
		{FFCC054D-5156-49EB-9077-E172B5E2857B}.Debug|x64.ActiveCfg = Debug|x64
		{FFCC054D-5156-49EB-9077-E172B5E2857B}.Debug|x64.Build.0 = Debug|x64
		{FFCC054D-5156-49EB-9077-E172B5E2857B}.Debug|x86.ActiveCfg = Debug|Win32
		{FFCC054D-5156-49EB-9077-E172B5E2857B}.Debug|x86.Build.0 = Debug|Win32
		{FFCC054D-5156-49EB-9077-E172B5E2857B}.Release|x64.ActiveCfg = Release|x64
		{FFCC054D-5156-49EB-9077-E172B5E2857B}.Release|x64.Build.0 = Release|x64
		{FFCC054D-5156-49EB-9077-E172B5E2857B}.Release|x86.ActiveCfg = Release|Win32
		{FFCC054D-5156-49EB-9077-E172B5E2857B}.Release|x86.Build.0 = Release|Win32
		{96A365C7-C682-4F48-9272-B5DA2039E95F}.Debug|x64.ActiveCfg = Debug|x64
		{96A365C7-C682-4F48-9272-B5DA2039E95F}.Debug|x64.Build.0 = Debug|x64
		{96A365C7-C682-4F48-9272-B5DA2039E95F}.Debug|x86.ActiveCfg = Debug|Win32
		{96A365C7-C682-4F48-9272-B5DA2039E95F}.Debug|x86.Build.0 = Debug|Win32
		{96A365C7-C682-4F48-9272-B5DA2039E95F}.Release|x64.ActiveCfg = Release|x64
		{96A365C7-C682-4F48-9272-B5DA2039E95F}.Release|x64.Build.0 = Release|x64
		{96A365C7-C682-4F48-9272-B5DA2039E95F}.Release|x86.ActiveCfg = Release|Win32
		{96A365C7-C682-4F48-9272-B5DA2039E95F}.Release|x86.Build.0 = Release|Win32
		{DAABD95B-A7CB-491C-AB33-816E0327A32C}.Debug|x64.ActiveCfg = Debug|x64
		{DAABD95B-A7CB-491C-AB33-816E0327A32C}.Debug|x64.Build.0 = Debug|x64
		{DAABD95B-A7CB-491C-AB33-816E0327A32C}.Debug|x86.ActiveCfg = Debug|Win32
		{DAABD95B-A7CB-491C-AB33-816E0327A32C}.Debug|x86.Build.0 = Debug|Win32
		{DAABD95B-A7CB-491C-AB33-816E0327A32C}.Release|x64.ActiveCfg = Release|x64
		{DAABD95B-A7CB-491C-AB33-816E0327A32C}.Release|x64.Build.0 = Release|x64
		{DAABD95B-A7CB-491C-AB33-816E0327A32C}.Release|x86.ActiveCfg = Release|Win32
		{DAABD95B-A7CB-491C-AB33-816E0327A32C}.Release|x86.Build.0 = Release|Win32
		{C756E8A4-320F-4039-8136-9496D9C00EBD}.Debug|x64.ActiveCfg = Debug|x64
		{C756E8A4-320F-4039-8136-9496D9C00EBD}.Debug|x64.Build.0 = Debug|x64
		{C756E8A4-320F-4039-8136-9496D9C00EBD}.Debug|x86.ActiveCfg = Debug|Win32
		{C756E8A4-320F-4039-8136-9496D9C00EBD}.Debug|x86.Build.0 = Debug|Win32
		{C756E8A4-320F-4039-8136-9496D9C00EBD}.Release|x64.ActiveCfg = Release|x64
		{C756E8A4-320F-4039-8136-9496D9C00EBD}.Release|x64.Build.0 = Release|x64
		{C756E8A4-320F-4039-8136-9496D9C00EBD}.Release|x86.ActiveCfg = Release|Win32
		{C756E8A4-320F-4039-8136-9496D9C00EBD}.Release|x86.Build.0 = Release|Win32
		{1599A188-450B-4CE7-A36F-C7F72D65A97D}.Debug|x64.ActiveCfg = Debug|x64
		{1599A188-450B-4CE7-A36F-C7F72D65A97D}.Debug|x64.Build.0 = Debug|x64
		{1599A188-450B-4CE7-A36F-C7F72D65A97D}.Debug|x86.ActiveCfg = Debug|Win32
		{1599A188-450B-4CE7-A36F-C7F72D65A97D}.Debug|x86.Build.0 = Debug|Win32
		{1599A188-450B-4CE7-A36F-C7F72D65A97D}.Release|x64.ActiveCfg = Release|x64
		{1599A188-450B-4CE7-A36F-C7F72D65A97D}.Release|x64.Build.0 = Release|x64
		{1599A188-450B-4CE7-A36F-C7F72D65A97D}.Release|x86.ActiveCfg = Release|Win32
		{1599A188-450B-4CE7-A36F-C7F72D65A97D}.Release|x86.Build.0 = Release|Win32
		{6371F593-68EA-40D5-A2A1-C349EAFA20B8}.Debug|x64.ActiveCfg = Debug|x64
		{6371F593-68EA-40D5-A2A1-C349EAFA20B8}.Debug|x64.Build.0 = Debug|x64
		{6371F593-68EA-40D5-A2A1-C349EAFA20B8}.Debug|x86.ActiveCfg = Debug|Win32
		{6371F593-68EA-40D5-A2A1-C349EAFA20B8}.Debug|x86.Build.0 = Debug|Win32
		{6371F593-68EA-40D5-A2A1-C349EAFA20B8}.Release|x64.ActiveCfg = Release|x64
		{6371F593-68EA-40D5-A2A1-C349EAFA20B8}.Release|x64.Build.0 = Release|x64
		{6371F593-68EA-40D5-A2A1-C349EAFA20B8}.Release|x86.ActiveCfg = Release|Win32
		{6371F593-68EA-40D5-A2A1-C349EAFA20B8}.Release|x86.Build.0 = Release|Win32
		{00F519DA-DDAB-4226-A239-54E3128717B2}.Debug|x64.ActiveCfg = Debug|x64
		{00F519DA-DDAB-4226-A239-54E3128717B2}.Debug|x64.Build.0 = Debug|x64
		{00F519DA-DDAB-4226-A239-54E3128717B2}.Debug|x86.ActiveCfg = Debug|Win32
		{00F519DA-DDAB-4226-A239-54E3128717B2}.Debug|x86.Build.0 = Debug|Win32
		{00F519DA-DDAB-4226-A239-54E3128717B2}.Release|x64.ActiveCfg = Release|x64
		{00F519DA-DDAB-4226-A239-54E3128717B2}.Release|x64.Build.0 = Release|x64
		{00F519DA-DDAB-4226-A239-54E3128717B2}.Release|x86.ActiveCfg = Release|Win32
		{00F519DA-DDAB-4226-A239-54E3128717B2}.Release|x86.Build.0 = Release|Win32
		{A2FE8C2B-F4AE-449D-BF37-27791247571D}.Debug|x64.ActiveCfg = Debug|x64
		{A2FE8C2B-F4AE-449D-BF37-27791247571D}.Debug|x64.Build.0 = Debug|x64
		{A2FE8C2B-F4AE-449D-BF37-27791247571D}.Debug|x86.ActiveCfg = Debug|Win32
		{A2FE8C2B-F4AE-449D-BF37-27791247571D}.Debug|x86.Build.0 = Debug|Win32
		{A2FE8C2B-F4AE-449D-BF37-27791247571D}.Release|x64.ActiveCfg = Release|x64
		{A2FE8C2B-F4AE-449D-BF37-27791247571D}.Release|x64.Build.0 = Release|x64
		{A2FE8C2B-F4AE-449D-BF37-27791247571D}.Release|x86.ActiveCfg = Release|Win32
		{A2FE8C2B-F4AE-449D-BF37-27791247571D}.Release|x86.Build.0 = Release|Win32
		{A5BC3645-6259-4754-A43E-A93455FE881A}.Debug|x64.ActiveCfg = Debug|x64
		{A5BC3645-6259-4754-A43E-A93455FE881A}.Debug|x64.Build.0 = Debug|x64
		{A5BC3645-6259-4754-A43E-A93455FE881A}.Debug|x86.ActiveCfg = Debug|Win32
		{A5BC3645-6259-4754-A43E-A93455FE881A}.Debug|x86.Build.0 = Debug|Win32
		{A5BC3645-6259-4754-A43E-A93455FE881A}.Release|x64.ActiveCfg = Release|x64
		{A5BC3645-6259-4754-A43E-A93455FE881A}.Release|x64.Build.0 = Release|x64
		{A5BC3645-6259-4754-A43E-A93455FE881A}.Release|x86.ActiveCfg = Release|Win32
		{A5BC3645-6259-4754-A43E-A93455FE881A}.Release|x86.Build.0 = Release|Win32
		{4DB29D1B-ECB4-4D15-8FD9-333C3E56CAAA}.Debug|x64.ActiveCfg = Debug|x64
		{4DB29D1B-ECB4-4D15-8FD9-333C3E56CAAA}.Debug|x64.Build.0 = Debug|x64
		{4DB29D1B-ECB4-4D15-8FD9-333C3E56CAAA}.Debug|x86.ActiveCfg = Debug|Win32
		{4DB29D1B-ECB4-4D15-8FD9-333C3E56CAAA}.Debug|x86.Build.0 = Debug|Win32
		{4DB29D1B-ECB4-4D15-8FD9-333C3E56CAAA}.Release|x64.ActiveCfg = Release|x64
		{4DB29D1B-ECB4-4D15-8FD9-333C3E56CAAA}.Release|x64.Build.0 = Release|x64
		{4DB29D1B-ECB4-4D15-8FD9-333C3E56CAAA}.Release|x86.ActiveCfg = Release|Win32
		{4DB29D1B-ECB4-4D15-8FD9-333C3E56CAAA}.Release|x86.Build.0 = Release|Win32
		{8B961B49-7F59-48B5-822F-0A36F6389C4E}.Debug|x64.ActiveCfg = Debug|x64
		{8B961B49-7F59-48B5-822F-0A36F6389C4E}.Debug|x64.Build.0 = Debug|x64
		{8B961B49-7F59-48B5-822F-0A36F6389C4E}.Debug|x86.ActiveCfg = Debug|Win32
		{8B961B49-7F59-48B5-822F-0A36F6389C4E}.Debug|x86.Build.0 = Debug|Win32
		{8B961B49-7F59-48B5-822F-0A36F6389C4E}.Release|x64.ActiveCfg = Release|x64
		{8B961B49-7F59-48B5-822F-0A36F6389C4E}.Release|x64.Build.0 = Release|x64
		{8B961B49-7F59-48B5-822F-0A36F6389C4E}.Release|x86.ActiveCfg = Release|Win32
		{8B961B49-7F59-48B5-822F-0A36F6389C4E}.Release|x86.Build.0 = Release|Win32
	EndGlobalSection
	GlobalSection(SolutionProperties) = preSolution
		HideSolutionNode = FALSE
	EndGlobalSection
	GlobalSection(NestedProjects) = preSolution
		{A7F7C15D-D13F-43CA-81F8-75E102D4147B} = {88A54D74-37C9-4293-812C-9F90308340CC}
		{AA17E9B9-C1D0-43DA-857D-DAF6DB8FEFC0} = {88A54D74-37C9-4293-812C-9F90308340CC}
		{96A365C7-C682-4F48-9272-B5DA2039E95F} = {F0B68A64-7E75-4492-8EA3-1CAEA50E55F8}
		{DAABD95B-A7CB-491C-AB33-816E0327A32C} = {88A54D74-37C9-4293-812C-9F90308340CC}
		{1599A188-450B-4CE7-A36F-C7F72D65A97D} = {88A54D74-37C9-4293-812C-9F90308340CC}
		{6371F593-68EA-40D5-A2A1-C349EAFA20B8} = {F0B68A64-7E75-4492-8EA3-1CAEA50E55F8}
		{00F519DA-DDAB-4226-A239-54E3128717B2} = {F0B68A64-7E75-4492-8EA3-1CAEA50E55F8}
		{A2FE8C2B-F4AE-449D-BF37-27791247571D} = {F0B68A64-7E75-4492-8EA3-1CAEA50E55F8}
		{A5BC3645-6259-4754-A43E-A93455FE881A} = {F0B68A64-7E75-4492-8EA3-1CAEA50E55F8}
		{4DB29D1B-ECB4-4D15-8FD9-333C3E56CAAA} = {F0B68A64-7E75-4492-8EA3-1CAEA50E55F8}
		{8B961B49-7F59-48B5-822F-0A36F6389C4E} = {F0B68A64-7E75-4492-8EA3-1CAEA50E55F8}
	EndGlobalSection
	GlobalSection(Performance) = preSolution
		HasPerformanceSessions = true
	EndGlobalSection
	GlobalSection(Performance) = preSolution
		HasPerformanceSessions = true
	EndGlobalSection
	GlobalSection(Performance) = preSolution
		HasPerformanceSessions = true
	EndGlobalSection
EndGlobal
