<?xml version="1.0" encoding="utf-8"?>
<Project ToolsVersion="4.0" xmlns="http://schemas.microsoft.com/developer/msbuild/2003">
  <ItemGroup>
    <ClInclude Include="src\Physics_model.h" />
    <ClInclude Include="src\Physics_object.h" />
    <ClInclude Include="src\Collision_solver.h" />
    <ClInclude Include="src\Minkowski_vector.h" />
    <ClInclude Include="src\Minkowski_polytope.h" />
    <ClInclude Include="src\Minkowski_simplex.h" />
    <ClInclude Include="src\Constraint_solver.h" />
    <ClInclude Include="src\Arena.h" />
    <ClInclude Include="src\Contact_manifold.h" />
    <ClInclude Include="src\Collision_strategy_simple.h" />
    <ClInclude Include="src\Collision_strategy.h" />
    <ClInclude Include="src\Collision_strategy_multi_threaded.h" />
    <ClInclude Include="src\Collision_strategy_open_cl.h" />
    <ClInclude Include="src\Constraint_strategy.h" />
    <ClInclude Include="src\Constraint_strategy_simple.h" />
    <ClInclude Include="src\Constraint_strategy_multi_threaded.h" />
    <ClInclude Include="src\Constraint_strategy_open_cl.h" />
  </ItemGroup>
  <ItemGroup>
    <ClCompile Include="src\Physics_model.cpp" />
    <ClCompile Include="src\Physics_object.cpp" />
    <ClCompile Include="src\Collision_solver.cpp" />
    <ClCompile Include="src\Minkowski_polytope.cpp" />
    <ClCompile Include="src\Minkowski_simplex.cpp" />
    <ClCompile Include="src\Constraint_solver.cpp" />
    <ClCompile Include="src\Arena.cpp" />
    <ClCompile Include="src\Contact_manifold.cpp" />
    <ClCompile Include="src\Collision_strategy_simple.cpp" />
    <ClCompile Include="src\Collision_strategy_multi_threaded.cpp" />
    <ClCompile Include="src\Collision_strategy_open_cl.cpp" />
    <ClCompile Include="src\Constraint_strategy_simple.cpp" />
    <ClCompile Include="src\Constraint_strategy_multi_threaded.cpp" />
    <ClCompile Include="src\Constraint_strategy_open_cl.cpp" />
  </ItemGroup>
  <ItemGroup>
    <Filter Include="kernels">
      <UniqueIdentifier>{39084768-6986-4bf8-85b3-c64257ee78aa}</UniqueIdentifier>
    </Filter>
  </ItemGroup>
  <ItemGroup>
    <None Include="src\Broad_phase.cl">
      <Filter>kernels</Filter>
    </None>
    <None Include="src\Constraint_solver.cl">
      <Filter>kernels</Filter>
    </None>
  </ItemGroup>
</Project>