<?xml version="1.0" encoding="utf-8"?>
<Project ToolsVersion="4.0" xmlns="http://schemas.microsoft.com/developer/msbuild/2003">
  <ItemGroup>
    <Filter Include="OpenGL">
      <UniqueIdentifier>{8b1bd055-179c-4135-905c-6c8e93378c37}</UniqueIdentifier>
    </Filter>
    <Filter Include="ObjectRenderers">
      <UniqueIdentifier>{abfbd7a9-867c-40c2-a527-ad17ce09eb7c}</UniqueIdentifier>
    </Filter>
  </ItemGroup>
  <ItemGroup>
    <ClCompile Include="src\Color.cpp" />
    <ClCompile Include="src\Camera.cpp" />
    <ClCompile Include="src\Scene.cpp" />
    <ClCompile Include="src\Visible_model.cpp" />
    <ClCompile Include="src\Open_gl_attributes.cpp">
      <Filter>OpenGL</Filter>
    </ClCompile>
    <ClCompile Include="src\Open_gl_commands.cpp">
      <Filter>OpenGL</Filter>
    </ClCompile>
    <ClCompile Include="src\Open_gl_context_store.cpp">
      <Filter>OpenGL</Filter>
    </ClCompile>
    <ClCompile Include="src\Open_gl_matrix.cpp">
      <Filter>OpenGL</Filter>
    </ClCompile>
    <ClCompile Include="src\Visible_object.cpp" />
    <ClCompile Include="src\Simple_object_renderer.cpp">
      <Filter>ObjectRenderers</Filter>
    </ClCompile>
    <ClCompile Include="src\Outlined_object_renderer.cpp">
      <Filter>ObjectRenderers</Filter>
    </ClCompile>
    <ClCompile Include="src\Shadow_renderer.cpp">
      <Filter>ObjectRenderers</Filter>
    </ClCompile>
  </ItemGroup>
  <ItemGroup>
    <ClInclude Include="src\Color.h" />
    <ClInclude Include="src\Camera.h" />
    <ClInclude Include="src\Scene.h" />
    <ClInclude Include="src\Visible_model.h" />
    <ClInclude Include="src\Open_gl_attributes.h">
      <Filter>OpenGL</Filter>
    </ClInclude>
    <ClInclude Include="src\Open_gl_commands.h">
      <Filter>OpenGL</Filter>
    </ClInclude>
    <ClInclude Include="src\Open_gl_context_store.h">
      <Filter>OpenGL</Filter>
    </ClInclude>
    <ClInclude Include="src\Open_gl_matrix.h">
      <Filter>OpenGL</Filter>
    </ClInclude>
    <ClInclude Include="src\Open_gl_primitive.h">
      <Filter>OpenGL</Filter>
    </ClInclude>
    <ClInclude Include="src\Visible_object.h" />
    <ClInclude Include="src\Object_renderer.h">
      <Filter>ObjectRenderers</Filter>
    </ClInclude>
    <ClInclude Include="src\Simple_object_renderer.h">
      <Filter>ObjectRenderers</Filter>
    </ClInclude>
    <ClInclude Include="src\Outlined_object_renderer.h">
      <Filter>ObjectRenderers</Filter>
    </ClInclude>
    <ClInclude Include="src\Shadow_renderer.h">
      <Filter>ObjectRenderers</Filter>
    </ClInclude>
  </ItemGroup>
</Project>