<?xml version="1.0" encoding="utf-8"?>
<Project ToolsVersion="4.0" xmlns="http://schemas.microsoft.com/developer/msbuild/2003">
  <ItemGroup>
    <Filter Include="OpenGL">
      <UniqueIdentifier>{8b1bd055-179c-4135-905c-6c8e93378c37}</UniqueIdentifier>
    </Filter>
  </ItemGroup>
  <ItemGroup>
    <ClCompile Include="src\OpenGLAttributes.cpp">
      <Filter>OpenGL</Filter>
    </ClCompile>
    <ClCompile Include="src\OpenGLCommands.cpp">
      <Filter>OpenGL</Filter>
    </ClCompile>
    <ClCompile Include="src\OpenGLContextStore.cpp">
      <Filter>OpenGL</Filter>
    </ClCompile>
    <ClCompile Include="src\OpenGLMatrix.cpp">
      <Filter>OpenGL</Filter>
    </ClCompile>
    <ClCompile Include="src\Color.cpp" />
  </ItemGroup>
  <ItemGroup>
    <ClInclude Include="src\OpenGLAttributes.h">
      <Filter>OpenGL</Filter>
    </ClInclude>
    <ClInclude Include="src\OpenGLCommands.h">
      <Filter>OpenGL</Filter>
    </ClInclude>
    <ClInclude Include="src\OpenGLContextStore.h">
      <Filter>OpenGL</Filter>
    </ClInclude>
    <ClInclude Include="src\OpenGLMatrix.h">
      <Filter>OpenGL</Filter>
    </ClInclude>
    <ClInclude Include="src\OpenGLPrimitive.h">
      <Filter>OpenGL</Filter>
    </ClInclude>
    <ClInclude Include="src\Color.h" />
  </ItemGroup>
</Project>