<?xml version="1.0" encoding="utf-8"?>
<Project ToolsVersion="4.0" xmlns="http://schemas.microsoft.com/developer/msbuild/2003">
  <ItemGroup>
    <Filter Include="OpenGL">
      <UniqueIdentifier>{8b1bd055-179c-4135-905c-6c8e93378c37}</UniqueIdentifier>
    </Filter>
    <Filter Include="ObjectRenderers">
      <UniqueIdentifier>{abfbd7a9-867c-40c2-a527-ad17ce09eb7c}</UniqueIdentifier>
    </Filter>
  </ItemGroup>
  <ItemGroup>
    <ClCompile Include="src\OpenGLAttributes.cpp">
      <Filter>OpenGL</Filter>
    </ClCompile>
    <ClCompile Include="src\OpenGLCommands.cpp">
      <Filter>OpenGL</Filter>
    </ClCompile>
    <ClCompile Include="src\OpenGLContextStore.cpp">
      <Filter>OpenGL</Filter>
    </ClCompile>
    <ClCompile Include="src\OpenGLMatrix.cpp">
      <Filter>OpenGL</Filter>
    </ClCompile>
    <ClCompile Include="src\Color.cpp" />
    <ClCompile Include="src\Camera.cpp" />
    <ClCompile Include="src\VisibleObject.cpp" />
    <ClCompile Include="src\Scene.cpp" />
    <ClCompile Include="src\SimpleObjectRenderer.cpp">
      <Filter>ObjectRenderers</Filter>
    </ClCompile>
    <ClCompile Include="src\VisibleModel.cpp" />
    <ClCompile Include="src\ShadowRenderer.cpp">
      <Filter>ObjectRenderers</Filter>
    </ClCompile>
    <ClCompile Include="src\OutlinedObjectRenderer.cpp">
      <Filter>ObjectRenderers</Filter>
    </ClCompile>
  </ItemGroup>
  <ItemGroup>
    <ClInclude Include="src\OpenGLAttributes.h">
      <Filter>OpenGL</Filter>
    </ClInclude>
    <ClInclude Include="src\OpenGLCommands.h">
      <Filter>OpenGL</Filter>
    </ClInclude>
    <ClInclude Include="src\OpenGLContextStore.h">
      <Filter>OpenGL</Filter>
    </ClInclude>
    <ClInclude Include="src\OpenGLMatrix.h">
      <Filter>OpenGL</Filter>
    </ClInclude>
    <ClInclude Include="src\OpenGLPrimitive.h">
      <Filter>OpenGL</Filter>
    </ClInclude>
    <ClInclude Include="src\Color.h" />
    <ClInclude Include="src\Camera.h" />
    <ClInclude Include="src\ObjectRenderer.h">
      <Filter>ObjectRenderers</Filter>
    </ClInclude>
    <ClInclude Include="src\VisibleObject.h" />
    <ClInclude Include="src\Scene.h" />
    <ClInclude Include="src\SimpleObjectRenderer.h">
      <Filter>ObjectRenderers</Filter>
    </ClInclude>
    <ClInclude Include="src\VisibleModel.h" />
    <ClInclude Include="src\ShadowRenderer.h">
      <Filter>ObjectRenderers</Filter>
    </ClInclude>
    <ClInclude Include="src\OutlinedObjectRenderer.h">
      <Filter>ObjectRenderers</Filter>
    </ClInclude>
  </ItemGroup>
</Project>