<?xml version="1.0" encoding="utf-8"?>
<Project ToolsVersion="4.0" xmlns="http://schemas.microsoft.com/developer/msbuild/2003">
  <ItemGroup>
    <ClCompile Include="src\AC3DFileReader.cpp" />
    <ClCompile Include="src\FilePath.cpp" />
    <ClCompile Include="src\SDLManager.cpp" />
    <ClCompile Include="src\Timer.cpp" />
  </ItemGroup>
  <ItemGroup>
    <ClInclude Include="src\AC3DFileReader.h" />
    <ClInclude Include="src\FilePath.h" />
    <ClInclude Include="src\SDLManager.h" />
    <ClInclude Include="src\Timer.h" />
  </ItemGroup>
</Project>